
Microsoft Visual Studio Solution File, Format Version 12.00
# Visual Studio Version 17
VisualStudioVersion = 17.12.35506.116
MinimumVisualStudioVersion = 10.0.40219.1
Project("{FAE04EC0-301F-11D3-BF4B-00C04F79EFBC}") = "FormatAFullName", "FormatAFullName\FormatAFullName.csproj", "{CC358E19-D060-48C4-9119-28F97E23B020}"
EndProject
Project("{2150E333-8FDC-42A3-9474-1A3956D46DE8}") = "Homework14_11", "Homework14_11", "{1E4FD1B4-1D43-4CE4-B6AE-8F1F11B7454F}"
EndProject
Project("{FAE04EC0-301F-11D3-BF4B-00C04F79EFBC}") = "ConvertAndAddTwoNumbers", "ConvertAndAddTwoNumbers\ConvertAndAddTwoNumbers.csproj", "{AEF3D7D0-2317-4BCE-B441-5A5CC4263677}"
EndProject
Project("{FAE04EC0-301F-11D3-BF4B-00C04F79EFBC}") = "ExtractAndModifySubstring", "ExtractAndModifySubstring\ExtractAndModifySubstring.csproj", "{D65AC166-46F8-4BC8-9F4F-769D3F0A28A1}"
EndProject
Project("{FAE04EC0-301F-11D3-BF4B-00C04F79EFBC}") = "CalculateTheAreaOfACircle", "CalculateTheAreaOfACircle\CalculateTheAreaOfACircle.csproj", "{000475AF-954C-4C82-B445-FD6D2237A716}"
EndProject
Project("{FAE04EC0-301F-11D3-BF4B-00C04F79EFBC}") = "ValidateAgeInput", "ValidateAgeInput\ValidateAgeInput.csproj", "{AD21DF37-0504-465C-B054-194BBBF2982F}"
EndProject
Project("{2150E333-8FDC-42A3-9474-1A3956D46DE8}") = "WorkBook", "WorkBook", "{1339F07B-470F-4FE9-9922-45B972686070}"
EndProject
Project("{FAE04EC0-301F-11D3-BF4B-00C04F79EFBC}") = "WorkingArea", "WorkingArea\WorkingArea.csproj", "{783A6B8E-D9F7-4980-B435-51354D002541}"
EndProject
Project("{2150E333-8FDC-42A3-9474-1A3956D46DE8}") = "Homework18_11", "Homework18_11", "{479D8C87-44A6-450F-8700-D9D8E3F1C4B6}"
EndProject
Project("{FAE04EC0-301F-11D3-BF4B-00C04F79EFBC}") = "CinemaHall", "CinemaHall\CinemaHall.csproj", "{E21C54ED-B937-419B-A892-7EF47C2D834F}"
EndProject
Project("{FAE04EC0-301F-11D3-BF4B-00C04F79EFBC}") = "FishingTrip", "FishingTrip\FishingTrip.csproj", "{549E8155-E9A4-40E8-9162-B8400F88F7C5}"
EndProject
Project("{FAE04EC0-301F-11D3-BF4B-00C04F79EFBC}") = "SalaryDeduction", "SalaryDeduction\SalaryDeduction.csproj", "{6E629FFC-EC86-49D8-9654-F9FCBA0D3B72}"
EndProject
Project("{FAE04EC0-301F-11D3-BF4B-00C04F79EFBC}") = "StepsToReachAGoal", "StepsToReachAGoal\StepsToReachAGoal.csproj", "{D63CC429-57B5-4B3E-A111-5D77929DDD2E}"
EndProject
Project("{FAE04EC0-301F-11D3-BF4B-00C04F79EFBC}") = "BirthdayCake", "BirthdayCake\BirthdayCake.csproj", "{5431510D-1407-4FDF-8EAE-C5A1F45C5DF2}"
EndProject
Project("{FAE04EC0-301F-11D3-BF4B-00C04F79EFBC}") = "PasswordGenerator", "PasswordGenerator\PasswordGenerator.csproj", "{E2BC1946-FE34-44B0-906F-4A3D4D183B68}"
EndProject
Global
	GlobalSection(SolutionConfigurationPlatforms) = preSolution
		Debug|Any CPU = Debug|Any CPU
		Release|Any CPU = Release|Any CPU
	EndGlobalSection
	GlobalSection(ProjectConfigurationPlatforms) = postSolution
		{CC358E19-D060-48C4-9119-28F97E23B020}.Debug|Any CPU.ActiveCfg = Debug|Any CPU
		{CC358E19-D060-48C4-9119-28F97E23B020}.Debug|Any CPU.Build.0 = Debug|Any CPU
		{CC358E19-D060-48C4-9119-28F97E23B020}.Release|Any CPU.ActiveCfg = Release|Any CPU
		{CC358E19-D060-48C4-9119-28F97E23B020}.Release|Any CPU.Build.0 = Release|Any CPU
		{AEF3D7D0-2317-4BCE-B441-5A5CC4263677}.Debug|Any CPU.ActiveCfg = Debug|Any CPU
		{AEF3D7D0-2317-4BCE-B441-5A5CC4263677}.Debug|Any CPU.Build.0 = Debug|Any CPU
		{AEF3D7D0-2317-4BCE-B441-5A5CC4263677}.Release|Any CPU.ActiveCfg = Release|Any CPU
		{AEF3D7D0-2317-4BCE-B441-5A5CC4263677}.Release|Any CPU.Build.0 = Release|Any CPU
		{D65AC166-46F8-4BC8-9F4F-769D3F0A28A1}.Debug|Any CPU.ActiveCfg = Debug|Any CPU
		{D65AC166-46F8-4BC8-9F4F-769D3F0A28A1}.Debug|Any CPU.Build.0 = Debug|Any CPU
		{D65AC166-46F8-4BC8-9F4F-769D3F0A28A1}.Release|Any CPU.ActiveCfg = Release|Any CPU
		{D65AC166-46F8-4BC8-9F4F-769D3F0A28A1}.Release|Any CPU.Build.0 = Release|Any CPU
		{000475AF-954C-4C82-B445-FD6D2237A716}.Debug|Any CPU.ActiveCfg = Debug|Any CPU
		{000475AF-954C-4C82-B445-FD6D2237A716}.Debug|Any CPU.Build.0 = Debug|Any CPU
		{000475AF-954C-4C82-B445-FD6D2237A716}.Release|Any CPU.ActiveCfg = Release|Any CPU
		{000475AF-954C-4C82-B445-FD6D2237A716}.Release|Any CPU.Build.0 = Release|Any CPU
		{AD21DF37-0504-465C-B054-194BBBF2982F}.Debug|Any CPU.ActiveCfg = Debug|Any CPU
		{AD21DF37-0504-465C-B054-194BBBF2982F}.Debug|Any CPU.Build.0 = Debug|Any CPU
		{AD21DF37-0504-465C-B054-194BBBF2982F}.Release|Any CPU.ActiveCfg = Release|Any CPU
		{AD21DF37-0504-465C-B054-194BBBF2982F}.Release|Any CPU.Build.0 = Release|Any CPU
		{783A6B8E-D9F7-4980-B435-51354D002541}.Debug|Any CPU.ActiveCfg = Debug|Any CPU
		{783A6B8E-D9F7-4980-B435-51354D002541}.Debug|Any CPU.Build.0 = Debug|Any CPU
		{783A6B8E-D9F7-4980-B435-51354D002541}.Release|Any CPU.ActiveCfg = Release|Any CPU
		{783A6B8E-D9F7-4980-B435-51354D002541}.Release|Any CPU.Build.0 = Release|Any CPU
		{E21C54ED-B937-419B-A892-7EF47C2D834F}.Debug|Any CPU.ActiveCfg = Debug|Any CPU
		{E21C54ED-B937-419B-A892-7EF47C2D834F}.Debug|Any CPU.Build.0 = Debug|Any CPU
		{E21C54ED-B937-419B-A892-7EF47C2D834F}.Release|Any CPU.ActiveCfg = Release|Any CPU
		{E21C54ED-B937-419B-A892-7EF47C2D834F}.Release|Any CPU.Build.0 = Release|Any CPU
		{549E8155-E9A4-40E8-9162-B8400F88F7C5}.Debug|Any CPU.ActiveCfg = Debug|Any CPU
		{549E8155-E9A4-40E8-9162-B8400F88F7C5}.Debug|Any CPU.Build.0 = Debug|Any CPU
		{549E8155-E9A4-40E8-9162-B8400F88F7C5}.Release|Any CPU.ActiveCfg = Release|Any CPU
		{549E8155-E9A4-40E8-9162-B8400F88F7C5}.Release|Any CPU.Build.0 = Release|Any CPU
		{6E629FFC-EC86-49D8-9654-F9FCBA0D3B72}.Debug|Any CPU.ActiveCfg = Debug|Any CPU
		{6E629FFC-EC86-49D8-9654-F9FCBA0D3B72}.Debug|Any CPU.Build.0 = Debug|Any CPU
		{6E629FFC-EC86-49D8-9654-F9FCBA0D3B72}.Release|Any CPU.ActiveCfg = Release|Any CPU
		{6E629FFC-EC86-49D8-9654-F9FCBA0D3B72}.Release|Any CPU.Build.0 = Release|Any CPU
		{D63CC429-57B5-4B3E-A111-5D77929DDD2E}.Debug|Any CPU.ActiveCfg = Debug|Any CPU
		{D63CC429-57B5-4B3E-A111-5D77929DDD2E}.Debug|Any CPU.Build.0 = Debug|Any CPU
		{D63CC429-57B5-4B3E-A111-5D77929DDD2E}.Release|Any CPU.ActiveCfg = Release|Any CPU
		{D63CC429-57B5-4B3E-A111-5D77929DDD2E}.Release|Any CPU.Build.0 = Release|Any CPU
		{5431510D-1407-4FDF-8EAE-C5A1F45C5DF2}.Debug|Any CPU.ActiveCfg = Debug|Any CPU
		{5431510D-1407-4FDF-8EAE-C5A1F45C5DF2}.Debug|Any CPU.Build.0 = Debug|Any CPU
		{5431510D-1407-4FDF-8EAE-C5A1F45C5DF2}.Release|Any CPU.ActiveCfg = Release|Any CPU
		{5431510D-1407-4FDF-8EAE-C5A1F45C5DF2}.Release|Any CPU.Build.0 = Release|Any CPU
		{E2BC1946-FE34-44B0-906F-4A3D4D183B68}.Debug|Any CPU.ActiveCfg = Debug|Any CPU
		{E2BC1946-FE34-44B0-906F-4A3D4D183B68}.Debug|Any CPU.Build.0 = Debug|Any CPU
		{E2BC1946-FE34-44B0-906F-4A3D4D183B68}.Release|Any CPU.ActiveCfg = Release|Any CPU
		{E2BC1946-FE34-44B0-906F-4A3D4D183B68}.Release|Any CPU.Build.0 = Release|Any CPU
	EndGlobalSection
	GlobalSection(SolutionProperties) = preSolution
		HideSolutionNode = FALSE
	EndGlobalSection
	GlobalSection(NestedProjects) = preSolution
		{CC358E19-D060-48C4-9119-28F97E23B020} = {1E4FD1B4-1D43-4CE4-B6AE-8F1F11B7454F}
		{AEF3D7D0-2317-4BCE-B441-5A5CC4263677} = {1E4FD1B4-1D43-4CE4-B6AE-8F1F11B7454F}
		{D65AC166-46F8-4BC8-9F4F-769D3F0A28A1} = {1E4FD1B4-1D43-4CE4-B6AE-8F1F11B7454F}
		{000475AF-954C-4C82-B445-FD6D2237A716} = {1E4FD1B4-1D43-4CE4-B6AE-8F1F11B7454F}
		{AD21DF37-0504-465C-B054-194BBBF2982F} = {1E4FD1B4-1D43-4CE4-B6AE-8F1F11B7454F}
		{783A6B8E-D9F7-4980-B435-51354D002541} = {1339F07B-470F-4FE9-9922-45B972686070}
		{E21C54ED-B937-419B-A892-7EF47C2D834F} = {479D8C87-44A6-450F-8700-D9D8E3F1C4B6}
		{549E8155-E9A4-40E8-9162-B8400F88F7C5} = {479D8C87-44A6-450F-8700-D9D8E3F1C4B6}
		{6E629FFC-EC86-49D8-9654-F9FCBA0D3B72} = {479D8C87-44A6-450F-8700-D9D8E3F1C4B6}
		{D63CC429-57B5-4B3E-A111-5D77929DDD2E} = {479D8C87-44A6-450F-8700-D9D8E3F1C4B6}
		{5431510D-1407-4FDF-8EAE-C5A1F45C5DF2} = {479D8C87-44A6-450F-8700-D9D8E3F1C4B6}
		{E2BC1946-FE34-44B0-906F-4A3D4D183B68} = {479D8C87-44A6-450F-8700-D9D8E3F1C4B6}
	EndGlobalSection
EndGlobal
