
Microsoft Visual Studio Solution File, Format Version 12.00
# Visual Studio Version 17
VisualStudioVersion = 17.12.35506.116
MinimumVisualStudioVersion = 10.0.40219.1
Project("{FAE04EC0-301F-11D3-BF4B-00C04F79EFBC}") = "FormatAFullName", "FormatAFullName\FormatAFullName.csproj", "{CC358E19-D060-48C4-9119-28F97E23B020}"
EndProject
Project("{2150E333-8FDC-42A3-9474-1A3956D46DE8}") = "WorkBook", "WorkBook", "{1339F07B-470F-4FE9-9922-45B972686070}"
EndProject
Project("{FAE04EC0-301F-11D3-BF4B-00C04F79EFBC}") = "ConvertAndAddTwoNumbers", "ConvertAndAddTwoNumbers\ConvertAndAddTwoNumbers.csproj", "{AEF3D7D0-2317-4BCE-B441-5A5CC4263677}"
EndProject
Project("{FAE04EC0-301F-11D3-BF4B-00C04F79EFBC}") = "ExtractAndModifySubstring", "ExtractAndModifySubstring\ExtractAndModifySubstring.csproj", "{D65AC166-46F8-4BC8-9F4F-769D3F0A28A1}"
EndProject
Project("{FAE04EC0-301F-11D3-BF4B-00C04F79EFBC}") = "CalculateTheAreaOfACircle", "CalculateTheAreaOfACircle\CalculateTheAreaOfACircle.csproj", "{000475AF-954C-4C82-B445-FD6D2237A716}"
EndProject
Project("{FAE04EC0-301F-11D3-BF4B-00C04F79EFBC}") = "ValidateAgeInput", "ValidateAgeInput\ValidateAgeInput.csproj", "{AD21DF37-0504-465C-B054-194BBBF2982F}"
EndProject
Project("{2150E333-8FDC-42A3-9474-1A3956D46DE8}") = "Homework_L2", "Homework_L2", "{1E4FD1B4-1D43-4CE4-B6AE-8F1F11B7454F}"
EndProject
Project("{FAE04EC0-301F-11D3-BF4B-00C04F79EFBC}") = "WorkingArea", "WorkingArea\WorkingArea.csproj", "{783A6B8E-D9F7-4980-B435-51354D002541}"
EndProject
Project("{2150E333-8FDC-42A3-9474-1A3956D46DE8}") = "Homework_L3", "Homework_L3", "{479D8C87-44A6-450F-8700-D9D8E3F1C4B6}"
EndProject
Project("{FAE04EC0-301F-11D3-BF4B-00C04F79EFBC}") = "CinemaHall", "CinemaHall\CinemaHall.csproj", "{E21C54ED-B937-419B-A892-7EF47C2D834F}"
EndProject
Project("{FAE04EC0-301F-11D3-BF4B-00C04F79EFBC}") = "FishingTrip", "FishingTrip\FishingTrip.csproj", "{549E8155-E9A4-40E8-9162-B8400F88F7C5}"
EndProject
Project("{FAE04EC0-301F-11D3-BF4B-00C04F79EFBC}") = "SalaryDeduction", "SalaryDeduction\SalaryDeduction.csproj", "{6E629FFC-EC86-49D8-9654-F9FCBA0D3B72}"
EndProject
Project("{FAE04EC0-301F-11D3-BF4B-00C04F79EFBC}") = "StepsToReachAGoal", "StepsToReachAGoal\StepsToReachAGoal.csproj", "{D63CC429-57B5-4B3E-A111-5D77929DDD2E}"
EndProject
Project("{FAE04EC0-301F-11D3-BF4B-00C04F79EFBC}") = "BirthdayCake", "BirthdayCake\BirthdayCake.csproj", "{5431510D-1407-4FDF-8EAE-C5A1F45C5DF2}"
EndProject
Project("{FAE04EC0-301F-11D3-BF4B-00C04F79EFBC}") = "PasswordGenerator", "PasswordGenerator\PasswordGenerator.csproj", "{E2BC1946-FE34-44B0-906F-4A3D4D183B68}"
EndProject
Project("{2150E333-8FDC-42A3-9474-1A3956D46DE8}") = "Homework_L4", "Homework_L4", "{A978EDC7-1F56-46FF-BD50-8CE7CA10DF25}"
EndProject
Project("{FAE04EC0-301F-11D3-BF4B-00C04F79EFBC}") = "1.CommonElements", "1.CommonElements\1.CommonElements.csproj", "{2D675E56-1098-49A3-9CC7-FA9A2284398B}"
EndProject
Project("{FAE04EC0-301F-11D3-BF4B-00C04F79EFBC}") = "2.MaxSequenceOfEqualElements", "2.MaxSequenceOfEqualElements\2.MaxSequenceOfEqualElements.csproj", "{D8F1ADF1-7C8A-4AE7-A242-45215741BF8B}"
EndProject
Project("{FAE04EC0-301F-11D3-BF4B-00C04F79EFBC}") = "3.Train", "3.Train\3.Train.csproj", "{CE289FDB-7E71-4AAE-934A-94E2FCABCC7F}"
EndProject
Project("{FAE04EC0-301F-11D3-BF4B-00C04F79EFBC}") = "4.CardsGame", "4.CardsGame\4.CardsGame.csproj", "{E4CAF4DD-B898-4302-9736-E1CB95638052}"
EndProject
Project("{FAE04EC0-301F-11D3-BF4B-00C04F79EFBC}") = "5.CountCharsInAString", "5.CountCharsInAString\5.CountCharsInAString.csproj", "{AC555324-D922-46AB-9B3B-2D8B88BBF6DD}"
EndProject
Project("{FAE04EC0-301F-11D3-BF4B-00C04F79EFBC}") = "6.AMinerTask", "6.AMinerTask\6.AMinerTask.csproj", "{0477FE9D-F8C4-4964-80A3-DC47EB066B53}"
EndProject
Project("{2150E333-8FDC-42A3-9474-1A3956D46DE8}") = "Homework_L5", "Homework_L5", "{C5C3523E-E420-40DE-B8F5-F15E494220F4}"
EndProject
Project("{FAE04EC0-301F-11D3-BF4B-00C04F79EFBC}") = "1.LargestNumber", "1.LargestNumber\1.LargestNumber.csproj", "{5DB2A552-38BD-44A1-85AC-BBE5B2255B7E}"
EndProject
Project("{FAE04EC0-301F-11D3-BF4B-00C04F79EFBC}") = "StudentDataManagementSystem", "StudentDataManagementSystem\StudentDataManagementSystem.csproj", "{E8756245-2D7B-46A5-8669-C5CC357C011C}"
EndProject
Project("{FAE04EC0-301F-11D3-BF4B-00C04F79EFBC}") = "2.ReverseString", "ReverseString\2.ReverseString.csproj", "{3E3B9027-CB9C-40F3-9946-161150C59D65}"
EndProject
Project("{FAE04EC0-301F-11D3-BF4B-00C04F79EFBC}") = "3.GenerateFibonacciSequence", "GenerateFibonacciSequence\3.GenerateFibonacciSequence.csproj", "{2ACAF119-9B5C-43E9-8EE8-678DC19A4F4B}"
EndProject
Project("{FAE04EC0-301F-11D3-BF4B-00C04F79EFBC}") = "4.CheckForPrimeNumbers", "4.CheckForPrimeNumbers\4.CheckForPrimeNumbers.csproj", "{5EEDF310-A5A4-4EC2-BF5B-62E6F8C4AF99}"
EndProject
Project("{FAE04EC0-301F-11D3-BF4B-00C04F79EFBC}") = "5.SortAnArrayInAscendingOrder", "5.SortAnArrayInAscendingOrder\5.SortAnArrayInAscendingOrder.csproj", "{13214188-9D87-4C0A-A96B-EBA69782E01E}"
EndProject
Project("{FAE04EC0-301F-11D3-BF4B-00C04F79EFBC}") = "6.SwapTwoNumbers", "6.SwapTwoNumbers\6.SwapTwoNumbers.csproj", "{BDFA4A6A-1D6E-4B7D-9F6E-08AABD6E557B}"
EndProject
Project("{FAE04EC0-301F-11D3-BF4B-00C04F79EFBC}") = "7.UpdateArrayElements", "7.UpdateArrayElements\7.UpdateArrayElements.csproj", "{E5E78ADE-5796-421B-886B-203D33E1FC0D}"
EndProject
Project("{FAE04EC0-301F-11D3-BF4B-00C04F79EFBC}") = "8.DivideTwoNumbers", "8.DivideTwoNumbers\8.DivideTwoNumbers.csproj", "{2B337B1C-4E8E-40ED-B784-F95DA107390C}"
EndProject
Project("{FAE04EC0-301F-11D3-BF4B-00C04F79EFBC}") = "9.ParseStringToNumber", "9.ParseStringToNumber\9.ParseStringToNumber.csproj", "{52899E3B-7992-4AFD-A058-4835FBA5313E}"
EndProject
Project("{2150E333-8FDC-42A3-9474-1A3956D46DE8}") = "Homework_L7", "Homework_L7", "{E0844512-9076-42A2-A6C0-7F0672024B69}"
EndProject
Project("{2150E333-8FDC-42A3-9474-1A3956D46DE8}") = "Homework_L8", "Homework_L8", "{6E1EC71E-431B-410D-9FA3-576C4DC042F0}"
EndProject
Project("{FAE04EC0-301F-11D3-BF4B-00C04F79EFBC}") = "1.CreateAProductClass", "1.CreateAProductClass\1.CreateAProductClass.csproj", "{B5F3366C-034E-435B-9698-7F7C803D9763}"
EndProject
Project("{FAE04EC0-301F-11D3-BF4B-00C04F79EFBC}") = "2.BankAccountClass", "2.BankAccountClass\2.BankAccountClass.csproj", "{D3DF26BC-D72F-4C59-A8DA-5BD6BA7559FF}"
EndProject
Project("{FAE04EC0-301F-11D3-BF4B-00C04F79EFBC}") = "3.DivisionCalculator", "3.DivisionCalculator\3.DivisionCalculator.csproj", "{1527A584-2DF8-49AD-9090-978E18A1CC94}"
EndProject
Project("{FAE04EC0-301F-11D3-BF4B-00C04F79EFBC}") = "4.CustomException", "4.CustomException\4.CustomException.csproj", "{E4503396-947F-4CB4-AC8B-F785ADC58951}"
EndProject
Project("{FAE04EC0-301F-11D3-BF4B-00C04F79EFBC}") = "5.FileReaderWithCleanup", "5.FileReaderWithCleanup\5.FileReaderWithCleanup.csproj", "{7567FE5B-C421-4DF0-967E-B14B9DC8D7ED}"
EndProject
Project("{FAE04EC0-301F-11D3-BF4B-00C04F79EFBC}") = "Task 1", "Task 1\Task 1.csproj", "{3ACEC952-A31F-41D9-880E-B486F565B791}"
EndProject
Project("{FAE04EC0-301F-11D3-BF4B-00C04F79EFBC}") = "Task 2", "Task 2\Task 2.csproj", "{E8096021-F182-4DE2-B0B8-12F7B82BAE15}"
EndProject
Project("{FAE04EC0-301F-11D3-BF4B-00C04F79EFBC}") = "Task 3", "Task3\Task 3.csproj", "{F11644C4-4BF1-4A80-BA0F-D9EA2B72BF9C}"
EndProject
Project("{FAE04EC0-301F-11D3-BF4B-00C04F79EFBC}") = "Task 4", "Task 4\Task 4.csproj", "{CD645959-CB10-4849-B03E-6700E0083816}"
EndProject
Project("{FAE04EC0-301F-11D3-BF4B-00C04F79EFBC}") = "Task 5", "Task 5\Task 5.csproj", "{1EB0807E-661D-4254-A0E5-62D86F98FF4D}"
EndProject
Global
	GlobalSection(SolutionConfigurationPlatforms) = preSolution
		Debug|Any CPU = Debug|Any CPU
		Release|Any CPU = Release|Any CPU
	EndGlobalSection
	GlobalSection(ProjectConfigurationPlatforms) = postSolution
		{CC358E19-D060-48C4-9119-28F97E23B020}.Debug|Any CPU.ActiveCfg = Debug|Any CPU
		{CC358E19-D060-48C4-9119-28F97E23B020}.Debug|Any CPU.Build.0 = Debug|Any CPU
		{CC358E19-D060-48C4-9119-28F97E23B020}.Release|Any CPU.ActiveCfg = Release|Any CPU
		{CC358E19-D060-48C4-9119-28F97E23B020}.Release|Any CPU.Build.0 = Release|Any CPU
		{AEF3D7D0-2317-4BCE-B441-5A5CC4263677}.Debug|Any CPU.ActiveCfg = Debug|Any CPU
		{AEF3D7D0-2317-4BCE-B441-5A5CC4263677}.Debug|Any CPU.Build.0 = Debug|Any CPU
		{AEF3D7D0-2317-4BCE-B441-5A5CC4263677}.Release|Any CPU.ActiveCfg = Release|Any CPU
		{AEF3D7D0-2317-4BCE-B441-5A5CC4263677}.Release|Any CPU.Build.0 = Release|Any CPU
		{D65AC166-46F8-4BC8-9F4F-769D3F0A28A1}.Debug|Any CPU.ActiveCfg = Debug|Any CPU
		{D65AC166-46F8-4BC8-9F4F-769D3F0A28A1}.Debug|Any CPU.Build.0 = Debug|Any CPU
		{D65AC166-46F8-4BC8-9F4F-769D3F0A28A1}.Release|Any CPU.ActiveCfg = Release|Any CPU
		{D65AC166-46F8-4BC8-9F4F-769D3F0A28A1}.Release|Any CPU.Build.0 = Release|Any CPU
		{000475AF-954C-4C82-B445-FD6D2237A716}.Debug|Any CPU.ActiveCfg = Debug|Any CPU
		{000475AF-954C-4C82-B445-FD6D2237A716}.Debug|Any CPU.Build.0 = Debug|Any CPU
		{000475AF-954C-4C82-B445-FD6D2237A716}.Release|Any CPU.ActiveCfg = Release|Any CPU
		{000475AF-954C-4C82-B445-FD6D2237A716}.Release|Any CPU.Build.0 = Release|Any CPU
		{AD21DF37-0504-465C-B054-194BBBF2982F}.Debug|Any CPU.ActiveCfg = Debug|Any CPU
		{AD21DF37-0504-465C-B054-194BBBF2982F}.Debug|Any CPU.Build.0 = Debug|Any CPU
		{AD21DF37-0504-465C-B054-194BBBF2982F}.Release|Any CPU.ActiveCfg = Release|Any CPU
		{AD21DF37-0504-465C-B054-194BBBF2982F}.Release|Any CPU.Build.0 = Release|Any CPU
		{783A6B8E-D9F7-4980-B435-51354D002541}.Debug|Any CPU.ActiveCfg = Debug|Any CPU
		{783A6B8E-D9F7-4980-B435-51354D002541}.Debug|Any CPU.Build.0 = Debug|Any CPU
		{783A6B8E-D9F7-4980-B435-51354D002541}.Release|Any CPU.ActiveCfg = Release|Any CPU
		{783A6B8E-D9F7-4980-B435-51354D002541}.Release|Any CPU.Build.0 = Release|Any CPU
		{E21C54ED-B937-419B-A892-7EF47C2D834F}.Debug|Any CPU.ActiveCfg = Debug|Any CPU
		{E21C54ED-B937-419B-A892-7EF47C2D834F}.Debug|Any CPU.Build.0 = Debug|Any CPU
		{E21C54ED-B937-419B-A892-7EF47C2D834F}.Release|Any CPU.ActiveCfg = Release|Any CPU
		{E21C54ED-B937-419B-A892-7EF47C2D834F}.Release|Any CPU.Build.0 = Release|Any CPU
		{549E8155-E9A4-40E8-9162-B8400F88F7C5}.Debug|Any CPU.ActiveCfg = Debug|Any CPU
		{549E8155-E9A4-40E8-9162-B8400F88F7C5}.Debug|Any CPU.Build.0 = Debug|Any CPU
		{549E8155-E9A4-40E8-9162-B8400F88F7C5}.Release|Any CPU.ActiveCfg = Release|Any CPU
		{549E8155-E9A4-40E8-9162-B8400F88F7C5}.Release|Any CPU.Build.0 = Release|Any CPU
		{6E629FFC-EC86-49D8-9654-F9FCBA0D3B72}.Debug|Any CPU.ActiveCfg = Debug|Any CPU
		{6E629FFC-EC86-49D8-9654-F9FCBA0D3B72}.Debug|Any CPU.Build.0 = Debug|Any CPU
		{6E629FFC-EC86-49D8-9654-F9FCBA0D3B72}.Release|Any CPU.ActiveCfg = Release|Any CPU
		{6E629FFC-EC86-49D8-9654-F9FCBA0D3B72}.Release|Any CPU.Build.0 = Release|Any CPU
		{D63CC429-57B5-4B3E-A111-5D77929DDD2E}.Debug|Any CPU.ActiveCfg = Debug|Any CPU
		{D63CC429-57B5-4B3E-A111-5D77929DDD2E}.Debug|Any CPU.Build.0 = Debug|Any CPU
		{D63CC429-57B5-4B3E-A111-5D77929DDD2E}.Release|Any CPU.ActiveCfg = Release|Any CPU
		{D63CC429-57B5-4B3E-A111-5D77929DDD2E}.Release|Any CPU.Build.0 = Release|Any CPU
		{5431510D-1407-4FDF-8EAE-C5A1F45C5DF2}.Debug|Any CPU.ActiveCfg = Debug|Any CPU
		{5431510D-1407-4FDF-8EAE-C5A1F45C5DF2}.Debug|Any CPU.Build.0 = Debug|Any CPU
		{5431510D-1407-4FDF-8EAE-C5A1F45C5DF2}.Release|Any CPU.ActiveCfg = Release|Any CPU
		{5431510D-1407-4FDF-8EAE-C5A1F45C5DF2}.Release|Any CPU.Build.0 = Release|Any CPU
		{E2BC1946-FE34-44B0-906F-4A3D4D183B68}.Debug|Any CPU.ActiveCfg = Debug|Any CPU
		{E2BC1946-FE34-44B0-906F-4A3D4D183B68}.Debug|Any CPU.Build.0 = Debug|Any CPU
		{E2BC1946-FE34-44B0-906F-4A3D4D183B68}.Release|Any CPU.ActiveCfg = Release|Any CPU
		{E2BC1946-FE34-44B0-906F-4A3D4D183B68}.Release|Any CPU.Build.0 = Release|Any CPU
		{2D675E56-1098-49A3-9CC7-FA9A2284398B}.Debug|Any CPU.ActiveCfg = Debug|Any CPU
		{2D675E56-1098-49A3-9CC7-FA9A2284398B}.Debug|Any CPU.Build.0 = Debug|Any CPU
		{2D675E56-1098-49A3-9CC7-FA9A2284398B}.Release|Any CPU.ActiveCfg = Release|Any CPU
		{2D675E56-1098-49A3-9CC7-FA9A2284398B}.Release|Any CPU.Build.0 = Release|Any CPU
		{D8F1ADF1-7C8A-4AE7-A242-45215741BF8B}.Debug|Any CPU.ActiveCfg = Debug|Any CPU
		{D8F1ADF1-7C8A-4AE7-A242-45215741BF8B}.Debug|Any CPU.Build.0 = Debug|Any CPU
		{D8F1ADF1-7C8A-4AE7-A242-45215741BF8B}.Release|Any CPU.ActiveCfg = Release|Any CPU
		{D8F1ADF1-7C8A-4AE7-A242-45215741BF8B}.Release|Any CPU.Build.0 = Release|Any CPU
		{CE289FDB-7E71-4AAE-934A-94E2FCABCC7F}.Debug|Any CPU.ActiveCfg = Debug|Any CPU
		{CE289FDB-7E71-4AAE-934A-94E2FCABCC7F}.Debug|Any CPU.Build.0 = Debug|Any CPU
		{CE289FDB-7E71-4AAE-934A-94E2FCABCC7F}.Release|Any CPU.ActiveCfg = Release|Any CPU
		{CE289FDB-7E71-4AAE-934A-94E2FCABCC7F}.Release|Any CPU.Build.0 = Release|Any CPU
		{E4CAF4DD-B898-4302-9736-E1CB95638052}.Debug|Any CPU.ActiveCfg = Debug|Any CPU
		{E4CAF4DD-B898-4302-9736-E1CB95638052}.Debug|Any CPU.Build.0 = Debug|Any CPU
		{E4CAF4DD-B898-4302-9736-E1CB95638052}.Release|Any CPU.ActiveCfg = Release|Any CPU
		{E4CAF4DD-B898-4302-9736-E1CB95638052}.Release|Any CPU.Build.0 = Release|Any CPU
		{AC555324-D922-46AB-9B3B-2D8B88BBF6DD}.Debug|Any CPU.ActiveCfg = Debug|Any CPU
		{AC555324-D922-46AB-9B3B-2D8B88BBF6DD}.Debug|Any CPU.Build.0 = Debug|Any CPU
		{AC555324-D922-46AB-9B3B-2D8B88BBF6DD}.Release|Any CPU.ActiveCfg = Release|Any CPU
		{AC555324-D922-46AB-9B3B-2D8B88BBF6DD}.Release|Any CPU.Build.0 = Release|Any CPU
		{0477FE9D-F8C4-4964-80A3-DC47EB066B53}.Debug|Any CPU.ActiveCfg = Debug|Any CPU
		{0477FE9D-F8C4-4964-80A3-DC47EB066B53}.Debug|Any CPU.Build.0 = Debug|Any CPU
		{0477FE9D-F8C4-4964-80A3-DC47EB066B53}.Release|Any CPU.ActiveCfg = Release|Any CPU
		{0477FE9D-F8C4-4964-80A3-DC47EB066B53}.Release|Any CPU.Build.0 = Release|Any CPU
		{5DB2A552-38BD-44A1-85AC-BBE5B2255B7E}.Debug|Any CPU.ActiveCfg = Debug|Any CPU
		{5DB2A552-38BD-44A1-85AC-BBE5B2255B7E}.Debug|Any CPU.Build.0 = Debug|Any CPU
		{5DB2A552-38BD-44A1-85AC-BBE5B2255B7E}.Release|Any CPU.ActiveCfg = Release|Any CPU
		{5DB2A552-38BD-44A1-85AC-BBE5B2255B7E}.Release|Any CPU.Build.0 = Release|Any CPU
		{E8756245-2D7B-46A5-8669-C5CC357C011C}.Debug|Any CPU.ActiveCfg = Debug|Any CPU
		{E8756245-2D7B-46A5-8669-C5CC357C011C}.Debug|Any CPU.Build.0 = Debug|Any CPU
		{E8756245-2D7B-46A5-8669-C5CC357C011C}.Release|Any CPU.ActiveCfg = Release|Any CPU
		{E8756245-2D7B-46A5-8669-C5CC357C011C}.Release|Any CPU.Build.0 = Release|Any CPU
		{3E3B9027-CB9C-40F3-9946-161150C59D65}.Debug|Any CPU.ActiveCfg = Debug|Any CPU
		{3E3B9027-CB9C-40F3-9946-161150C59D65}.Debug|Any CPU.Build.0 = Debug|Any CPU
		{3E3B9027-CB9C-40F3-9946-161150C59D65}.Release|Any CPU.ActiveCfg = Release|Any CPU
		{3E3B9027-CB9C-40F3-9946-161150C59D65}.Release|Any CPU.Build.0 = Release|Any CPU
		{2ACAF119-9B5C-43E9-8EE8-678DC19A4F4B}.Debug|Any CPU.ActiveCfg = Debug|Any CPU
		{2ACAF119-9B5C-43E9-8EE8-678DC19A4F4B}.Debug|Any CPU.Build.0 = Debug|Any CPU
		{2ACAF119-9B5C-43E9-8EE8-678DC19A4F4B}.Release|Any CPU.ActiveCfg = Release|Any CPU
		{2ACAF119-9B5C-43E9-8EE8-678DC19A4F4B}.Release|Any CPU.Build.0 = Release|Any CPU
		{5EEDF310-A5A4-4EC2-BF5B-62E6F8C4AF99}.Debug|Any CPU.ActiveCfg = Debug|Any CPU
		{5EEDF310-A5A4-4EC2-BF5B-62E6F8C4AF99}.Debug|Any CPU.Build.0 = Debug|Any CPU
		{5EEDF310-A5A4-4EC2-BF5B-62E6F8C4AF99}.Release|Any CPU.ActiveCfg = Release|Any CPU
		{5EEDF310-A5A4-4EC2-BF5B-62E6F8C4AF99}.Release|Any CPU.Build.0 = Release|Any CPU
		{13214188-9D87-4C0A-A96B-EBA69782E01E}.Debug|Any CPU.ActiveCfg = Debug|Any CPU
		{13214188-9D87-4C0A-A96B-EBA69782E01E}.Debug|Any CPU.Build.0 = Debug|Any CPU
		{13214188-9D87-4C0A-A96B-EBA69782E01E}.Release|Any CPU.ActiveCfg = Release|Any CPU
		{13214188-9D87-4C0A-A96B-EBA69782E01E}.Release|Any CPU.Build.0 = Release|Any CPU
		{BDFA4A6A-1D6E-4B7D-9F6E-08AABD6E557B}.Debug|Any CPU.ActiveCfg = Debug|Any CPU
		{BDFA4A6A-1D6E-4B7D-9F6E-08AABD6E557B}.Debug|Any CPU.Build.0 = Debug|Any CPU
		{BDFA4A6A-1D6E-4B7D-9F6E-08AABD6E557B}.Release|Any CPU.ActiveCfg = Release|Any CPU
		{BDFA4A6A-1D6E-4B7D-9F6E-08AABD6E557B}.Release|Any CPU.Build.0 = Release|Any CPU
		{E5E78ADE-5796-421B-886B-203D33E1FC0D}.Debug|Any CPU.ActiveCfg = Debug|Any CPU
		{E5E78ADE-5796-421B-886B-203D33E1FC0D}.Debug|Any CPU.Build.0 = Debug|Any CPU
		{E5E78ADE-5796-421B-886B-203D33E1FC0D}.Release|Any CPU.ActiveCfg = Release|Any CPU
		{E5E78ADE-5796-421B-886B-203D33E1FC0D}.Release|Any CPU.Build.0 = Release|Any CPU
		{2B337B1C-4E8E-40ED-B784-F95DA107390C}.Debug|Any CPU.ActiveCfg = Debug|Any CPU
		{2B337B1C-4E8E-40ED-B784-F95DA107390C}.Debug|Any CPU.Build.0 = Debug|Any CPU
		{2B337B1C-4E8E-40ED-B784-F95DA107390C}.Release|Any CPU.ActiveCfg = Release|Any CPU
		{2B337B1C-4E8E-40ED-B784-F95DA107390C}.Release|Any CPU.Build.0 = Release|Any CPU
		{52899E3B-7992-4AFD-A058-4835FBA5313E}.Debug|Any CPU.ActiveCfg = Debug|Any CPU
		{52899E3B-7992-4AFD-A058-4835FBA5313E}.Debug|Any CPU.Build.0 = Debug|Any CPU
		{52899E3B-7992-4AFD-A058-4835FBA5313E}.Release|Any CPU.ActiveCfg = Release|Any CPU
		{52899E3B-7992-4AFD-A058-4835FBA5313E}.Release|Any CPU.Build.0 = Release|Any CPU
		{B5F3366C-034E-435B-9698-7F7C803D9763}.Debug|Any CPU.ActiveCfg = Debug|Any CPU
		{B5F3366C-034E-435B-9698-7F7C803D9763}.Debug|Any CPU.Build.0 = Debug|Any CPU
		{B5F3366C-034E-435B-9698-7F7C803D9763}.Release|Any CPU.ActiveCfg = Release|Any CPU
		{B5F3366C-034E-435B-9698-7F7C803D9763}.Release|Any CPU.Build.0 = Release|Any CPU
		{D3DF26BC-D72F-4C59-A8DA-5BD6BA7559FF}.Debug|Any CPU.ActiveCfg = Debug|Any CPU
		{D3DF26BC-D72F-4C59-A8DA-5BD6BA7559FF}.Debug|Any CPU.Build.0 = Debug|Any CPU
		{D3DF26BC-D72F-4C59-A8DA-5BD6BA7559FF}.Release|Any CPU.ActiveCfg = Release|Any CPU
		{D3DF26BC-D72F-4C59-A8DA-5BD6BA7559FF}.Release|Any CPU.Build.0 = Release|Any CPU
		{1527A584-2DF8-49AD-9090-978E18A1CC94}.Debug|Any CPU.ActiveCfg = Debug|Any CPU
		{1527A584-2DF8-49AD-9090-978E18A1CC94}.Debug|Any CPU.Build.0 = Debug|Any CPU
		{1527A584-2DF8-49AD-9090-978E18A1CC94}.Release|Any CPU.ActiveCfg = Release|Any CPU
		{1527A584-2DF8-49AD-9090-978E18A1CC94}.Release|Any CPU.Build.0 = Release|Any CPU
		{E4503396-947F-4CB4-AC8B-F785ADC58951}.Debug|Any CPU.ActiveCfg = Debug|Any CPU
		{E4503396-947F-4CB4-AC8B-F785ADC58951}.Debug|Any CPU.Build.0 = Debug|Any CPU
		{E4503396-947F-4CB4-AC8B-F785ADC58951}.Release|Any CPU.ActiveCfg = Release|Any CPU
		{E4503396-947F-4CB4-AC8B-F785ADC58951}.Release|Any CPU.Build.0 = Release|Any CPU
		{7567FE5B-C421-4DF0-967E-B14B9DC8D7ED}.Debug|Any CPU.ActiveCfg = Debug|Any CPU
		{7567FE5B-C421-4DF0-967E-B14B9DC8D7ED}.Debug|Any CPU.Build.0 = Debug|Any CPU
		{7567FE5B-C421-4DF0-967E-B14B9DC8D7ED}.Release|Any CPU.ActiveCfg = Release|Any CPU
		{7567FE5B-C421-4DF0-967E-B14B9DC8D7ED}.Release|Any CPU.Build.0 = Release|Any CPU
		{3ACEC952-A31F-41D9-880E-B486F565B791}.Debug|Any CPU.ActiveCfg = Debug|Any CPU
		{3ACEC952-A31F-41D9-880E-B486F565B791}.Debug|Any CPU.Build.0 = Debug|Any CPU
		{3ACEC952-A31F-41D9-880E-B486F565B791}.Release|Any CPU.ActiveCfg = Release|Any CPU
		{3ACEC952-A31F-41D9-880E-B486F565B791}.Release|Any CPU.Build.0 = Release|Any CPU
		{E8096021-F182-4DE2-B0B8-12F7B82BAE15}.Debug|Any CPU.ActiveCfg = Debug|Any CPU
		{E8096021-F182-4DE2-B0B8-12F7B82BAE15}.Debug|Any CPU.Build.0 = Debug|Any CPU
		{E8096021-F182-4DE2-B0B8-12F7B82BAE15}.Release|Any CPU.ActiveCfg = Release|Any CPU
		{E8096021-F182-4DE2-B0B8-12F7B82BAE15}.Release|Any CPU.Build.0 = Release|Any CPU
		{F11644C4-4BF1-4A80-BA0F-D9EA2B72BF9C}.Debug|Any CPU.ActiveCfg = Debug|Any CPU
		{F11644C4-4BF1-4A80-BA0F-D9EA2B72BF9C}.Debug|Any CPU.Build.0 = Debug|Any CPU
		{F11644C4-4BF1-4A80-BA0F-D9EA2B72BF9C}.Release|Any CPU.ActiveCfg = Release|Any CPU
		{F11644C4-4BF1-4A80-BA0F-D9EA2B72BF9C}.Release|Any CPU.Build.0 = Release|Any CPU
		{CD645959-CB10-4849-B03E-6700E0083816}.Debug|Any CPU.ActiveCfg = Debug|Any CPU
		{CD645959-CB10-4849-B03E-6700E0083816}.Debug|Any CPU.Build.0 = Debug|Any CPU
		{CD645959-CB10-4849-B03E-6700E0083816}.Release|Any CPU.ActiveCfg = Release|Any CPU
		{CD645959-CB10-4849-B03E-6700E0083816}.Release|Any CPU.Build.0 = Release|Any CPU
		{1EB0807E-661D-4254-A0E5-62D86F98FF4D}.Debug|Any CPU.ActiveCfg = Debug|Any CPU
		{1EB0807E-661D-4254-A0E5-62D86F98FF4D}.Debug|Any CPU.Build.0 = Debug|Any CPU
		{1EB0807E-661D-4254-A0E5-62D86F98FF4D}.Release|Any CPU.ActiveCfg = Release|Any CPU
		{1EB0807E-661D-4254-A0E5-62D86F98FF4D}.Release|Any CPU.Build.0 = Release|Any CPU
	EndGlobalSection
	GlobalSection(SolutionProperties) = preSolution
		HideSolutionNode = FALSE
	EndGlobalSection
	GlobalSection(NestedProjects) = preSolution
		{CC358E19-D060-48C4-9119-28F97E23B020} = {1E4FD1B4-1D43-4CE4-B6AE-8F1F11B7454F}
		{AEF3D7D0-2317-4BCE-B441-5A5CC4263677} = {1E4FD1B4-1D43-4CE4-B6AE-8F1F11B7454F}
		{D65AC166-46F8-4BC8-9F4F-769D3F0A28A1} = {1E4FD1B4-1D43-4CE4-B6AE-8F1F11B7454F}
		{000475AF-954C-4C82-B445-FD6D2237A716} = {1E4FD1B4-1D43-4CE4-B6AE-8F1F11B7454F}
		{AD21DF37-0504-465C-B054-194BBBF2982F} = {1E4FD1B4-1D43-4CE4-B6AE-8F1F11B7454F}
		{783A6B8E-D9F7-4980-B435-51354D002541} = {1339F07B-470F-4FE9-9922-45B972686070}
		{E21C54ED-B937-419B-A892-7EF47C2D834F} = {479D8C87-44A6-450F-8700-D9D8E3F1C4B6}
		{549E8155-E9A4-40E8-9162-B8400F88F7C5} = {479D8C87-44A6-450F-8700-D9D8E3F1C4B6}
		{6E629FFC-EC86-49D8-9654-F9FCBA0D3B72} = {479D8C87-44A6-450F-8700-D9D8E3F1C4B6}
		{D63CC429-57B5-4B3E-A111-5D77929DDD2E} = {479D8C87-44A6-450F-8700-D9D8E3F1C4B6}
		{5431510D-1407-4FDF-8EAE-C5A1F45C5DF2} = {479D8C87-44A6-450F-8700-D9D8E3F1C4B6}
		{E2BC1946-FE34-44B0-906F-4A3D4D183B68} = {479D8C87-44A6-450F-8700-D9D8E3F1C4B6}
		{2D675E56-1098-49A3-9CC7-FA9A2284398B} = {A978EDC7-1F56-46FF-BD50-8CE7CA10DF25}
		{D8F1ADF1-7C8A-4AE7-A242-45215741BF8B} = {A978EDC7-1F56-46FF-BD50-8CE7CA10DF25}
		{CE289FDB-7E71-4AAE-934A-94E2FCABCC7F} = {A978EDC7-1F56-46FF-BD50-8CE7CA10DF25}
		{E4CAF4DD-B898-4302-9736-E1CB95638052} = {A978EDC7-1F56-46FF-BD50-8CE7CA10DF25}
		{AC555324-D922-46AB-9B3B-2D8B88BBF6DD} = {A978EDC7-1F56-46FF-BD50-8CE7CA10DF25}
		{0477FE9D-F8C4-4964-80A3-DC47EB066B53} = {A978EDC7-1F56-46FF-BD50-8CE7CA10DF25}
		{5DB2A552-38BD-44A1-85AC-BBE5B2255B7E} = {C5C3523E-E420-40DE-B8F5-F15E494220F4}
		{E8756245-2D7B-46A5-8669-C5CC357C011C} = {1339F07B-470F-4FE9-9922-45B972686070}
		{3E3B9027-CB9C-40F3-9946-161150C59D65} = {C5C3523E-E420-40DE-B8F5-F15E494220F4}
		{2ACAF119-9B5C-43E9-8EE8-678DC19A4F4B} = {C5C3523E-E420-40DE-B8F5-F15E494220F4}
		{5EEDF310-A5A4-4EC2-BF5B-62E6F8C4AF99} = {C5C3523E-E420-40DE-B8F5-F15E494220F4}
		{13214188-9D87-4C0A-A96B-EBA69782E01E} = {C5C3523E-E420-40DE-B8F5-F15E494220F4}
		{BDFA4A6A-1D6E-4B7D-9F6E-08AABD6E557B} = {C5C3523E-E420-40DE-B8F5-F15E494220F4}
		{E5E78ADE-5796-421B-886B-203D33E1FC0D} = {C5C3523E-E420-40DE-B8F5-F15E494220F4}
		{2B337B1C-4E8E-40ED-B784-F95DA107390C} = {C5C3523E-E420-40DE-B8F5-F15E494220F4}
		{52899E3B-7992-4AFD-A058-4835FBA5313E} = {C5C3523E-E420-40DE-B8F5-F15E494220F4}
		{B5F3366C-034E-435B-9698-7F7C803D9763} = {E0844512-9076-42A2-A6C0-7F0672024B69}
		{D3DF26BC-D72F-4C59-A8DA-5BD6BA7559FF} = {E0844512-9076-42A2-A6C0-7F0672024B69}
		{1527A584-2DF8-49AD-9090-978E18A1CC94} = {E0844512-9076-42A2-A6C0-7F0672024B69}
		{E4503396-947F-4CB4-AC8B-F785ADC58951} = {E0844512-9076-42A2-A6C0-7F0672024B69}
		{7567FE5B-C421-4DF0-967E-B14B9DC8D7ED} = {E0844512-9076-42A2-A6C0-7F0672024B69}
		{3ACEC952-A31F-41D9-880E-B486F565B791} = {6E1EC71E-431B-410D-9FA3-576C4DC042F0}
		{E8096021-F182-4DE2-B0B8-12F7B82BAE15} = {6E1EC71E-431B-410D-9FA3-576C4DC042F0}
		{F11644C4-4BF1-4A80-BA0F-D9EA2B72BF9C} = {6E1EC71E-431B-410D-9FA3-576C4DC042F0}
		{CD645959-CB10-4849-B03E-6700E0083816} = {6E1EC71E-431B-410D-9FA3-576C4DC042F0}
		{1EB0807E-661D-4254-A0E5-62D86F98FF4D} = {6E1EC71E-431B-410D-9FA3-576C4DC042F0}
	EndGlobalSection
EndGlobal
